
Microsoft Visual Studio Solution File, Format Version 12.00
# Visual Studio Version 16
VisualStudioVersion = 16.0.30225.117
MinimumVisualStudioVersion = 10.0.40219.1
Project("{9A19103F-16F7-4668-BE54-9A1E7A4F7556}") = "TwilightTrip", "TwilightTrip\TwilightTrip.csproj", "{848D91F9-0876-41B3-BD85-CD9AEE21A522}"
EndProject
Project("{FAE04EC0-301F-11D3-BF4B-00C04F79EFBC}") = "TwilightTrip.DbModels", "TwilightTrip.DbModels\TwilightTrip.DbModels.csproj", "{868C609C-EB35-4591-8528-69BFADD171BE}"
EndProject
Global
	GlobalSection(SolutionConfigurationPlatforms) = preSolution
		Debug|Any CPU = Debug|Any CPU
		Release|Any CPU = Release|Any CPU
	EndGlobalSection
	GlobalSection(ProjectConfigurationPlatforms) = postSolution
		{848D91F9-0876-41B3-BD85-CD9AEE21A522}.Debug|Any CPU.ActiveCfg = Debug|Any CPU
		{848D91F9-0876-41B3-BD85-CD9AEE21A522}.Debug|Any CPU.Build.0 = Debug|Any CPU
		{848D91F9-0876-41B3-BD85-CD9AEE21A522}.Release|Any CPU.ActiveCfg = Release|Any CPU
		{848D91F9-0876-41B3-BD85-CD9AEE21A522}.Release|Any CPU.Build.0 = Release|Any CPU
		{868C609C-EB35-4591-8528-69BFADD171BE}.Debug|Any CPU.ActiveCfg = Debug|Any CPU
		{868C609C-EB35-4591-8528-69BFADD171BE}.Debug|Any CPU.Build.0 = Debug|Any CPU
		{868C609C-EB35-4591-8528-69BFADD171BE}.Release|Any CPU.ActiveCfg = Release|Any CPU
		{868C609C-EB35-4591-8528-69BFADD171BE}.Release|Any CPU.Build.0 = Release|Any CPU
	EndGlobalSection
	GlobalSection(SolutionProperties) = preSolution
		HideSolutionNode = FALSE
	EndGlobalSection
	GlobalSection(ExtensibilityGlobals) = postSolution
		SolutionGuid = {5C8B0430-D392-444D-AD99-09784E99095F}
	EndGlobalSection
EndGlobal
